PODS:
  - AdColony (4.9.0)
  - Ads-CN/BUAdSDK_Compatible (4.9.0.7):
    - Ads-CN/Dep_Compatible
  - Ads-CN/Dep_Compatible (4.9.0.7):
    - BUAdSDK (~> 0.1.0.24)
    - BURelyFoundation/CSJ (~> 0.0.3.19)
  - Ads-Global/BUAdSDK_Compatible (5.8.0.7):
    - Ads-Global/BURelyAdSDK
    - Ads-Global/Dep_Compatible
  - Ads-Global/BURelyAdSDK (5.8.0.7)
  - Ads-Global/Dep_Compatible (5.8.0.7):
    - BURelyFoundation_Global/Pangle (~> 0.2.1.4)
  - AppLovinMediationAdColonyAdapter (4.9.0.0.4):
    - AdColony (= 4.9.0)
    - AppLovinSDK
  - AppLovinMediationBidMachineAdapter (2.5.1.0.0):
    - AppLovinSDK
    - BidMachine (= 2.5.1)
  - AppLovinMediationByteDanceAdapter (5.8.0.7.0):
    - Ads-Global/BUAdSDK_Compatible (= 5.8.0.7)
    - AppLovinSDK
  - AppLovinMediationChartboostAdapter (9.6.0.0):
    - AppLovinSDK
    - ChartboostSDK (= 9.6.0)
  - AppLovinMediationCSJAdapter (4.9.0.7.2):
    - Ads-CN/BUAdSDK_Compatible (= 4.9.0.7)
    - AppLovinSDK
  - AppLovinMediationFacebookAdapter (6.14.0.1):
    - AppLovinSDK
    - FBAudienceNetwork (= 6.14.0)
  - AppLovinMediationFyberAdapter (8.2.5.2):
    - AppLovinSDK
    - Fyber_Marketplace_SDK (= 8.2.4)
  - AppLovinMediationGoogleAdapter (11.0.1.0):
    - AppLovinSDK
    - Google-Mobile-Ads-SDK (= 11.0.1)
  - AppLovinMediationGoogleAdManagerAdapter (11.0.1.0):
    - AppLovinSDK
    - Google-Mobile-Ads-SDK (= 11.0.1)
  - AppLovinMediationInMobiAdapter (10.6.4.0):
    - AppLovinSDK
    - InMobiSDK (= 10.6.4)
  - AppLovinMediationIronSourceAdapter (7.8.0.0.0):
    - AppLovinSDK
    - IronSourceSDK (= 7.8.0.0)
  - AppLovinMediationMintegralAdapter (7.5.7.0.0):
    - AppLovinSDK
    - MintegralAdSDK (= 7.5.7)
    - MintegralAdSDK/BidSplashAd (= 7.5.7)
  - AppLovinMediationMyTargetAdapter (5.20.1.1):
    - AppLovinSDK (>= 12.0.0)
    - myTargetSDK (= 5.20.1)
  - AppLovinMediationUnityAdsAdapter (4.9.3.0):
    - AppLovinSDK
    - UnityAds (= 4.9.3)
  - AppLovinMediationVerveAdapter (2.21.1.0):
    - AppLovinSDK
    - HyBid (= 2.21.1)
  - AppLovinMediationVungleAdapter (7.2.2.0):
    - AppLovinSDK
    - VungleAds (= 7.2.2)
  - AppLovinMediationYandexAdapter (6.1.0.3):
    - AppLovinSDK
    - DivKit (= 28.4.0)
    - VGSLCommonCore (= 2.3.0)
    - VGSLNetworking (= 2.3.0)
    - YandexMobileAds (= 6.1.0)
  - AppLovinSDK (12.3.0)
  - AppsFlyer-AdRevenue (6.13.0):
    - AppsFlyerFramework (= 6.13.0)
  - AppsFlyerFramework (6.13.0):
    - AppsFlyerFramework/Main (= 6.13.0)
  - AppsFlyerFramework/Main (6.13.0)
  - BidMachine (2.5.1):
    - BidMachine/Core (= 2.5.1)
  - BidMachine/ApiCore (2.5.1)
  - BidMachine/BiddingCore (2.5.1):
    - BidMachine/ApiCore
    - BidMachineRendering (~> 0.1.0)
    - StackIAB (~> 2.5.0)
    - StackModules (~> 1.7.0)
  - BidMachine/Core (2.5.1):
    - BidMachine/ApiCore
    - BidMachine/BiddingCore
    - BidMachine/ModulesCore
  - BidMachine/ModulesCore (2.5.1):
    - BidMachine/ApiCore
  - BidMachineRendering (0.1.0):
    - BidMachineRendering/RenderingKit (= 0.1.0)
  - BidMachineRendering/RenderingKit (0.1.0):
    - BidMachineRendering/StoreKit
    - BidMachineRendering/UtilsKit
    - BidMachineRendering/VideoKit
    - BidMachineRendering/WebKit
  - BidMachineRendering/StoreKit (0.1.0):
    - BidMachineRendering/UtilsKit
  - BidMachineRendering/UtilsKit (0.1.0):
    - StackModules (~> 1.7.0)
  - BidMachineRendering/VideoKit (0.1.0):
    - BidMachineRendering/UtilsKit
  - BidMachineRendering/WebKit (0.1.0):
    - BidMachineRendering/UtilsKit
  - bigo-ads-max-adapter (4.0.4.0):
    - AppLovinSDK
    - BigoADS (= 4.0.4)
  - BigoADS (4.0.4)
  - BUAdSDK (0.1.0.26):
    - BUAdSDK/BUAdSDK (= 0.1.0.26)
  - BUAdSDK/BUAdSDK (0.1.0.26)
  - BURelyFoundation/AFNetworking (0.0.3.24)
  - BURelyFoundation/BURelyFoundation (0.0.3.24)
  - BURelyFoundation/CSJ (0.0.3.24):
    - BURelyFoundation/AFNetworking
    - BURelyFoundation/BURelyFoundation
    - BURelyFoundation/Foundation
    - BURelyFoundation/Gecko
    - BURelyFoundation/HM
    - BURelyFoundation/NETWork
    - BURelyFoundation/SDWebImage
    - BURelyFoundation/YYModel
    - BURelyFoundation/ZFPlayer
    - BURelyFoundation/Zip
  - BURelyFoundation/Foundation (0.0.3.24):
    - BURelyFoundation/NETWork
  - BURelyFoundation/Gecko (0.0.3.24):
    - BURelyFoundation/Foundation
  - BURelyFoundation/HM (0.0.3.24)
  - BURelyFoundation/NETWork (0.0.3.24):
    - BURelyFoundation/AFNetworking
  - BURelyFoundation/SDWebImage (0.0.3.24):
    - BURelyFoundation/Foundation
  - BURelyFoundation/YYModel (0.0.3.24)
  - BURelyFoundation/ZFPlayer (0.0.3.24):
    - BURelyFoundation/Foundation
    - BURelyFoundation/Zip
  - BURelyFoundation/Zip (0.0.3.24):
    - BURelyFoundation/Foundation
  - BURelyFoundation_Global/AFNetworking (0.2.1.4)
  - BURelyFoundation_Global/APM (0.2.1.4)
  - BURelyFoundation_Global/Foundation (0.2.1.4):
    - BURelyFoundation_Global/NETWork
  - BURelyFoundation_Global/Gecko (0.2.1.4):
    - BURelyFoundation_Global/Foundation
  - BURelyFoundation_Global/Header (0.2.1.4)
  - BURelyFoundation_Global/NETWork (0.2.1.4):
    - BURelyFoundation_Global/AFNetworking
  - BURelyFoundation_Global/Pangle (0.2.1.4):
    - BURelyFoundation_Global/AFNetworking
    - BURelyFoundation_Global/APM
    - BURelyFoundation_Global/Foundation
    - BURelyFoundation_Global/Gecko
    - BURelyFoundation_Global/Header
    - BURelyFoundation_Global/NETWork
    - BURelyFoundation_Global/SDWebImage
    - BURelyFoundation_Global/YYModel
    - BURelyFoundation_Global/ZFPlayer
    - BURelyFoundation_Global/Zip
  - BURelyFoundation_Global/SDWebImage (0.2.1.4):
    - BURelyFoundation_Global/Foundation
  - BURelyFoundation_Global/YYModel (0.2.1.4)
  - BURelyFoundation_Global/ZFPlayer (0.2.1.4):
    - BURelyFoundation_Global/Foundation
    - BURelyFoundation_Global/Zip
  - BURelyFoundation_Global/Zip (0.2.1.4):
    - BURelyFoundation_Global/Foundation
  - ChartboostSDK (9.6.0)
  - DivKit (28.4.0):
    - DivKit_LayoutKit (= 28.4.0)
    - DivKit_Serialization (= 28.4.0)
    - VGSLCommonCore (~> 2.2)
    - VGSLNetworking (~> 2.2)
  - DivKit_LayoutKit (28.4.0):
    - DivKit_LayoutKitInterface (= 28.4.0)
    - VGSLCommonCore (~> 2.2)
  - DivKit_LayoutKitInterface (28.4.0):
    - VGSLBase (~> 2.2)
    - VGSLBaseTiny (~> 2.2)
    - VGSLBaseUI (~> 2.2)
  - DivKit_Serialization (28.4.0):
    - VGSLCommonCore (~> 2.2)
  - FBAudienceNetwork (6.14.0)
  - FBSDKCoreKit/Basics (6.5.2)
  - FBSDKCoreKit/Core (6.5.2):
    - FBSDKCoreKit/Basics
  - FBSDKCoreKit/Swift (6.5.2):
    - FBSDKCoreKit/Core
  - FirebaseABTesting (10.21.0):
    - FirebaseCore (~> 10.0)
  - FirebaseAnalytics (10.21.0):
    - FirebaseAnalytics/AdIdSupport (= 10.21.0)
    - FirebaseCore (~> 10.0)
    - FirebaseInstallations (~> 10.0)
    - GoogleUtilities/AppDelegateSwizzler (~> 7.11)
    - GoogleUtilities/MethodSwizzler (~> 7.11)
    - GoogleUtilities/Network (~> 7.11)
    - "GoogleUtilities/NSData+zlib (~> 7.11)"
    - nanopb (< 2.30910.0, >= 2.30908.0)
  - FirebaseAnalytics/AdIdSupport (10.21.0):
    - FirebaseCore (~> 10.0)
    - FirebaseInstallations (~> 10.0)
    - GoogleAppMeasurement (= 10.21.0)
    - GoogleUtilities/AppDelegateSwizzler (~> 7.11)
    - GoogleUtilities/MethodSwizzler (~> 7.11)
    - GoogleUtilities/Network (~> 7.11)
    - "GoogleUtilities/NSData+zlib (~> 7.11)"
    - nanopb (< 2.30910.0, >= 2.30908.0)
  - FirebaseCore (10.21.0):
    - FirebaseCoreInternal (~> 10.0)
    - GoogleUtilities/Environment (~> 7.12)
    - GoogleUtilities/Logger (~> 7.12)
  - FirebaseCoreExtension (10.21.0):
    - FirebaseCore (~> 10.0)
  - FirebaseCoreInternal (10.21.0):
    - "GoogleUtilities/NSData+zlib (~> 7.8)"
  - FirebaseCrashlytics (10.21.0):
    - FirebaseCore (~> 10.5)
    - FirebaseInstallations (~> 10.0)
    - FirebaseSessions (~> 10.5)
    - GoogleDataTransport (~> 9.2)
    - GoogleUtilities/Environment (~> 7.8)
    - nanopb (< 2.30910.0, >= 2.30908.0)
    - PromisesObjC (~> 2.1)
  - FirebaseInstallations (10.21.0):
    - FirebaseCore (~> 10.0)
    - GoogleUtilities/Environment (~> 7.8)
    - GoogleUtilities/UserDefaults (~> 7.8)
    - PromisesObjC (~> 2.1)
  - FirebaseMessaging (10.21.0):
    - FirebaseCore (~> 10.0)
    - FirebaseInstallations (~> 10.0)
    - GoogleDataTransport (~> 9.3)
    - GoogleUtilities/AppDelegateSwizzler (~> 7.8)
    - GoogleUtilities/Environment (~> 7.8)
    - GoogleUtilities/Reachability (~> 7.8)
    - GoogleUtilities/UserDefaults (~> 7.8)
    - nanopb (< 2.30910.0, >= 2.30908.0)
  - FirebaseRemoteConfig (10.21.0):
    - FirebaseABTesting (~> 10.0)
    - FirebaseCore (~> 10.0)
    - FirebaseInstallations (~> 10.0)
    - FirebaseSharedSwift (~> 10.0)
    - GoogleUtilities/Environment (~> 7.8)
    - "GoogleUtilities/NSData+zlib (~> 7.8)"
  - FirebaseSessions (10.21.0):
    - FirebaseCore (~> 10.5)
    - FirebaseCoreExtension (~> 10.0)
    - FirebaseInstallations (~> 10.0)
    - GoogleDataTransport (~> 9.2)
    - GoogleUtilities/Environment (~> 7.10)
    - nanopb (< 2.30910.0, >= 2.30908.0)
    - PromisesSwift (~> 2.1)
  - FirebaseSharedSwift (10.21.0)
  - Fyber_Marketplace_SDK (8.2.4)
  - Google-Mobile-Ads-SDK (11.0.1):
    - GoogleUserMessagingPlatform (>= 1.1)
  - GoogleAppMeasurement (10.21.0):
    - GoogleAppMeasurement/AdIdSupport (= 10.21.0)
    - GoogleUtilities/AppDelegateSwizzler (~> 7.11)
    - GoogleUtilities/MethodSwizzler (~> 7.11)
    - GoogleUtilities/Network (~> 7.11)
    - "GoogleUtilities/NSData+zlib (~> 7.11)"
    - nanopb (< 2.30910.0, >= 2.30908.0)
  - GoogleAppMeasurement/AdIdSupport (10.21.0):
    - GoogleAppMeasurement/WithoutAdIdSupport (= 10.21.0)
    - GoogleUtilities/AppDelegateSwizzler (~> 7.11)
    - GoogleUtilities/MethodSwizzler (~> 7.11)
    - GoogleUtilities/Network (~> 7.11)
    - "GoogleUtilities/NSData+zlib (~> 7.11)"
    - nanopb (< 2.30910.0, >= 2.30908.0)
  - GoogleAppMeasurement/WithoutAdIdSupport (10.21.0):
    - GoogleUtilities/AppDelegateSwizzler (~> 7.11)
    - GoogleUtilities/MethodSwizzler (~> 7.11)
    - GoogleUtilities/Network (~> 7.11)
    - "GoogleUtilities/NSData+zlib (~> 7.11)"
    - nanopb (< 2.30910.0, >= 2.30908.0)
  - GoogleDataTransport (9.3.0):
    - GoogleUtilities/Environment (~> 7.7)
    - nanopb (< 2.30910.0, >= 2.30908.0)
    - PromisesObjC (< 3.0, >= 1.2)
  - GoogleUserMessagingPlatform (2.2.0)
  - GoogleUtilities/AppDelegateSwizzler (7.12.0):
    - GoogleUtilities/Environment
    - GoogleUtilities/Logger
    - GoogleUtilities/Network
  - GoogleUtilities/Environment (7.12.0):
    - PromisesObjC (< 3.0, >= 1.2)
  - GoogleUtilities/Logger (7.12.0):
    - GoogleUtilities/Environment
  - GoogleUtilities/MethodSwizzler (7.12.0):
    - GoogleUtilities/Logger
  - GoogleUtilities/Network (7.12.0):
    - GoogleUtilities/Logger
    - "GoogleUtilities/NSData+zlib"
    - GoogleUtilities/Reachability
  - "GoogleUtilities/NSData+zlib (7.12.0)"
  - GoogleUtilities/Reachability (7.12.0):
    - GoogleUtilities/Logger
  - GoogleUtilities/UserDefaults (7.12.0):
    - GoogleUtilities/Logger
  - HyBid (2.21.1):
    - HyBid/Banner (= 2.21.1)
    - HyBid/Core (= 2.21.1)
    - HyBid/FullScreen (= 2.21.1)
    - HyBid/Native (= 2.21.1)
    - HyBid/RewardedVideo (= 2.21.1)
  - HyBid/Banner (2.21.1):
    - HyBid/Core
  - HyBid/Core (2.21.1)
  - HyBid/FullScreen (2.21.1):
    - HyBid/Core
  - HyBid/Native (2.21.1):
    - HyBid/Core
  - HyBid/RewardedVideo (2.21.1):
    - HyBid/Core
  - InMobiSDK (10.6.4)
  - IronSourceSDK (7.8.0.0)
  - MintegralAdSDK (7.5.7):
    - MintegralAdSDK/BannerAd (= 7.5.7)
    - MintegralAdSDK/BidBannerAd (= 7.5.7)
    - MintegralAdSDK/BidInterstitialVideoAd (= 7.5.7)
    - MintegralAdSDK/BidNativeAd (= 7.5.7)
    - MintegralAdSDK/BidNewInterstitialAd (= 7.5.7)
    - MintegralAdSDK/BidRewardVideoAd (= 7.5.7)
    - MintegralAdSDK/InterstitialVideoAd (= 7.5.7)
    - MintegralAdSDK/NativeAd (= 7.5.7)
    - MintegralAdSDK/NewInterstitialAd (= 7.5.7)
    - MintegralAdSDK/RewardVideoAd (= 7.5.7)
  - MintegralAdSDK/BannerAd (7.5.7):
    - MintegralAdSDK/NativeAd
  - MintegralAdSDK/BidBannerAd (7.5.7):
    - MintegralAdSDK/BannerAd
    - MintegralAdSDK/BidNativeAd
  - MintegralAdSDK/BidInterstitialVideoAd (7.5.7):
    - MintegralAdSDK/BidNativeAd
    - MintegralAdSDK/InterstitialVideoAd
  - MintegralAdSDK/BidNativeAd (7.5.7):
    - MintegralAdSDK/NativeAd
  - MintegralAdSDK/BidNewInterstitialAd (7.5.7):
    - MintegralAdSDK/BidNativeAd
    - MintegralAdSDK/NewInterstitialAd
  - MintegralAdSDK/BidRewardVideoAd (7.5.7):
    - MintegralAdSDK/BidNativeAd
    - MintegralAdSDK/RewardVideoAd
  - MintegralAdSDK/BidSplashAd (7.5.7):
    - MintegralAdSDK/BidNativeAd
    - MintegralAdSDK/SplashAd
  - MintegralAdSDK/InterstitialVideoAd (7.5.7):
    - MintegralAdSDK/NativeAd
  - MintegralAdSDK/NativeAd (7.5.7)
  - MintegralAdSDK/NewInterstitialAd (7.5.7):
    - MintegralAdSDK/InterstitialVideoAd
    - MintegralAdSDK/NativeAd
  - MintegralAdSDK/RewardVideoAd (7.5.7):
    - MintegralAdSDK/NativeAd
  - MintegralAdSDK/SplashAd (7.5.7):
    - MintegralAdSDK/NativeAd
  - myTargetSDK (5.20.1):
    - myTrackerSDK (~> 3.1.1)
  - myTrackerSDK (3.1.6)
  - nanopb (2.30909.1):
    - nanopb/decode (= 2.30909.1)
    - nanopb/encode (= 2.30909.1)
  - nanopb/decode (2.30909.1)
  - nanopb/encode (2.30909.1)
  - OMSDK_Appodeal (1.4.2.0)
  - PromisesObjC (2.4.0)
  - PromisesSwift (2.4.0):
    - PromisesObjC (= 2.4.0)
  - StackIAB (2.5.0):
    - StackIAB/StackIABAssets (= 2.5.0)
    - StackIAB/StackMRAIDKit (= 2.5.0)
    - StackIAB/StackNASTKit (= 2.5.0)
    - StackIAB/StackOpenMeasure (= 2.5.0)
    - StackIAB/StackRichMedia (= 2.5.0)
    - StackIAB/StackVASTAssets (= 2.5.0)
    - StackIAB/StackVASTKit (= 2.5.0)
    - StackIAB/StackVideoPlayer (= 2.5.0)
    - StackIAB/StackXML (= 2.5.0)
    - StackModules (~> 1.7.0)
  - StackIAB/StackIABAssets (2.5.0):
    - StackModules (~> 1.7.0)
  - StackIAB/StackMRAIDKit (2.5.0):
    - StackIAB/StackIABAssets
    - StackIAB/StackOpenMeasure
    - StackModules (~> 1.7.0)
  - StackIAB/StackNASTKit (2.5.0):
    - StackIAB/StackVASTKit
    - StackModules (~> 1.7.0)
  - StackIAB/StackOpenMeasure (2.5.0):
    - OMSDK_Appodeal (~> 1.4.2.0)
    - StackModules (~> 1.7.0)
  - StackIAB/StackRichMedia (2.5.0):
    - StackIAB/StackIABAssets
    - StackIAB/StackVASTAssets
    - StackIAB/StackVideoPlayer
    - StackModules (~> 1.7.0)
  - StackIAB/StackVASTAssets (2.5.0):
    - StackIAB/StackIABAssets
    - StackIAB/StackXML
    - StackModules (~> 1.7.0)
  - StackIAB/StackVASTKit (2.5.0):
    - StackIAB/StackMRAIDKit
    - StackIAB/StackVASTAssets
    - StackIAB/StackVideoPlayer
    - StackModules (~> 1.7.0)
  - StackIAB/StackVideoPlayer (2.5.0):
    - StackModules (~> 1.7.0)
  - StackIAB/StackXML (2.5.0):
    - StackModules (~> 1.7.0)
  - StackModules (1.7.1):
    - StackModules/StackProductPresentation (= 1.7.1)
  - StackModules/StackFoundation (1.7.1)
  - StackModules/StackProductPresentation (1.7.1):
    - StackModules/StackUIKit
  - StackModules/StackUIKit (1.7.1):
    - StackModules/StackFoundation
  - UnityAds (4.9.3)
  - VGSLBase (2.3.0):
    - VGSLBaseTiny (= 2.3.0)
    - VGSLBaseUI (= 2.3.0)
  - VGSLBaseTiny (2.3.0)
  - VGSLBaseUI (2.3.0):
    - VGSLBaseTiny (= 2.3.0)
  - VGSLCommonCore (2.3.0):
    - VGSLBase (= 2.3.0)
  - VGSLNetworking (2.3.0):
    - VGSLBase (= 2.3.0)
  - VungleAds (7.2.2)
  - YandexMobileAds (6.1.0):
    - DivKit (~> 28.4)
    - YandexMobileAds/Static (= 6.1.0)
  - YandexMobileAds/Static (6.1.0):
    - DivKit (~> 28.4)
    - YandexMobileMetrica (< 5.0.0, >= 4.0.0)
  - YandexMobileMetrica (4.5.2):
    - YandexMobileMetrica/Static (= 4.5.2)
  - YandexMobileMetrica/Static (4.5.2):
    - YandexMobileMetrica/Static/Core (= 4.5.2)
    - YandexMobileMetrica/Static/Crashes (= 4.5.2)
  - YandexMobileMetrica/Static/Core (4.5.2)
  - YandexMobileMetrica/Static/Crashes (4.5.2):
    - YandexMobileMetrica/Static/Core

DEPENDENCIES:
  - AppLovinMediationAdColonyAdapter
  - AppLovinMediationBidMachineAdapter (= 2.5.1.0)
  - AppLovinMediationByteDanceAdapter (= 5.8.0.7.0)
  - AppLovinMediationChartboostAdapter (= 9.6.0.0)
  - AppLovinMediationCSJAdapter (= 4.9.0.7.2)
  - AppLovinMediationFacebookAdapter (= 6.14.0.1)
  - AppLovinMediationFyberAdapter
  - AppLovinMediationGoogleAdapter (= 11.0.1.0)
  - AppLovinMediationGoogleAdManagerAdapter (= 11.0.1.0)
  - AppLovinMediationInMobiAdapter (= 10.6.4.0)
  - AppLovinMediationIronSourceAdapter (= 7.8.0.0.0)
  - AppLovinMediationMintegralAdapter (= 7.5.7.0.0)
  - AppLovinMediationMyTargetAdapter (= 5.20.1.1)
  - AppLovinMediationUnityAdsAdapter (= 4.9.3.0)
  - AppLovinMediationVerveAdapter (= 2.21.1.0)
  - AppLovinMediationVungleAdapter (= 7.2.2.0)
  - AppLovinMediationYandexAdapter (= 6.1.0.3)
  - AppLovinSDK (= 12.3.0)
  - AppsFlyer-AdRevenue
  - bigo-ads-max-adapter (= 4.0.4.0)
  - FBAudienceNetwork
  - FBSDKCoreKit/Swift
  - FirebaseAnalytics
  - FirebaseCrashlytics
  - FirebaseMessaging
  - FirebaseRemoteConfig
  - Google-Mobile-Ads-SDK (~> 11.0.1)
  - GoogleUserMessagingPlatform

SPEC REPOS:
  https://github.com/CocoaPods/Specs:
    - AppLovinMediationFyberAdapter
    - AppLovinSDK
    - DivKit
    - FBAudienceNetwork
    - FirebaseCore
    - Fyber_Marketplace_SDK
    - Google-Mobile-Ads-SDK
    - GoogleDataTransport
    - GoogleUserMessagingPlatform
    - PromisesObjC
    - VGSLBase
    - VGSLBaseTiny
    - VGSLBaseUI
    - VGSLCommonCore
    - VGSLNetworking
  trunk:
    - AdColony
    - Ads-CN
    - Ads-Global
    - AppLovinMediationAdColonyAdapter
    - AppLovinMediationBidMachineAdapter
    - AppLovinMediationByteDanceAdapter
    - AppLovinMediationChartboostAdapter
    - AppLovinMediationCSJAdapter
    - AppLovinMediationFacebookAdapter
    - AppLovinMediationGoogleAdapter
    - AppLovinMediationGoogleAdManagerAdapter
    - AppLovinMediationInMobiAdapter
    - AppLovinMediationIronSourceAdapter
    - AppLovinMediationMintegralAdapter
    - AppLovinMediationMyTargetAdapter
    - AppLovinMediationUnityAdsAdapter
    - AppLovinMediationVerveAdapter
    - AppLovinMediationVungleAdapter
    - AppLovinMediationYandexAdapter
    - AppsFlyer-AdRevenue
    - AppsFlyerFramework
    - BidMachine
    - BidMachineRendering
    - bigo-ads-max-adapter
    - BigoADS
    - BUAdSDK
    - BURelyFoundation
    - BURelyFoundation_Global
    - ChartboostSDK
    - DivKit_LayoutKit
    - DivKit_LayoutKitInterface
    - DivKit_Serialization
    - FBSDKCoreKit
    - FirebaseABTesting
    - FirebaseAnalytics
    - FirebaseCoreExtension
    - FirebaseCoreInternal
    - FirebaseCrashlytics
    - FirebaseInstallations
    - FirebaseMessaging
    - FirebaseRemoteConfig
    - FirebaseSessions
    - FirebaseSharedSwift
    - GoogleAppMeasurement
    - GoogleUtilities
    - HyBid
    - InMobiSDK
    - IronSourceSDK
    - MintegralAdSDK
    - myTargetSDK
    - myTrackerSDK
    - nanopb
    - OMSDK_Appodeal
    - PromisesSwift
    - StackIAB
    - StackModules
    - UnityAds
    - VungleAds
    - YandexMobileAds
    - YandexMobileMetrica

SPEC CHECKSUMS:
  AdColony: af8b7414f317641e0e1e9d23a7b739879e40e4b9
  Ads-CN: d77f39f7fd2d1b0c45fdba79a517cb7fa6af665d
  Ads-Global: 2f19513311f4e360bcad037a2edf1dc2772ab224
  AppLovinMediationAdColonyAdapter: aa2bf39a85ad152a631a76898706eeeb61e84eaa
  AppLovinMediationBidMachineAdapter: 7237bc0626e38c42ec9fbf285453491f3b49fe8e
  AppLovinMediationByteDanceAdapter: d5152ee870b9cdb232ea28d8ea426c05b82ff1f3
  AppLovinMediationChartboostAdapter: d6894dde33ef845c232ce4f779502c7ab7f69559
  AppLovinMediationCSJAdapter: 23d080c4f26b4928e3c4fb60cf9d864fd67618ea
  AppLovinMediationFacebookAdapter: f70e731ddb976feb6b74fa3cf98d7296e0bd085a
  AppLovinMediationFyberAdapter: 05fc482e152a466bb1337e10f5cb215653212056
  AppLovinMediationGoogleAdapter: 55db0ba01ab70078e14149942fd5213aab60263b
  AppLovinMediationGoogleAdManagerAdapter: 51e72a7700824edfea4f10603faa9d7fdf50a1e5
  AppLovinMediationInMobiAdapter: 428531e2a79f035917aa78355d905f8c40642079
  AppLovinMediationIronSourceAdapter: 0e2e4cc94f85cf643c12a496bc540250ac0d6266
  AppLovinMediationMintegralAdapter: 0d959b7beb611f0ef48231ff3c9770c7f22f8fa1
  AppLovinMediationMyTargetAdapter: d355b11245a385d32fda90bb3c3549b25b0c8a1f
  AppLovinMediationUnityAdsAdapter: 7aa76cf5e1bfb2162469a7f92ed6522d138d23d7
  AppLovinMediationVerveAdapter: db3ea8e75159f7900710fdd7a74b1e6b9bc40c2d
  AppLovinMediationVungleAdapter: a5b8bde91e90be1253d929bdd1c6ee0f669d32dc
  AppLovinMediationYandexAdapter: 50ab0d35bac1167a2557f3541299d89d9e65eb7d
  AppLovinSDK: 04201ea11acec7c5e11f6c97236379df23c6aba1
  AppsFlyer-AdRevenue: 289c3df9d0884fb308046be5f5c269710c8df12f
  AppsFlyerFramework: cb54b4f27d2da2b3e2b286800476ce3b2007c75f
  BidMachine: b7076deae20da92850ae182c7220ec7d9f7476a1
  BidMachineRendering: 7924c868e65640eadc0950182277433aa7c85a5c
  bigo-ads-max-adapter: 951c6ccaabe0064c98fd5ccee13a3f2f4d852614
  BigoADS: b671aac5e47e05671d1019249e7d78e0c172c233
  BUAdSDK: 6ca2a94b083208150cda71b4a637aaadca6d1d45
  BURelyFoundation: a8626e5ace16231f070854832f39aab2bdafaeeb
  BURelyFoundation_Global: 17ed9cd58d138feefd8c0711dd3294766adcb28e
  ChartboostSDK: 67b6079679c3a643f8e0cd269a3d42970bdb9d98
  DivKit: cc7fe28ea2e948b849d8bacff278f2fbc4133edb
  DivKit_LayoutKit: b9ef782e57a59064831de8b20ee1a4959d442da0
  DivKit_LayoutKitInterface: e8b8f7180e60d5a7c9cff7c1a5e2f06bacbc5d51
  DivKit_Serialization: c95552736911fb80b9a8a4e1798d795029966387
  FBAudienceNetwork: 4d6223a9a88a22e9dca8c9e6c1829a8745b86228
  FBSDKCoreKit: ada5c8a05188daefc9addb985c52b8a1b26da519
  FirebaseABTesting: 40774deef367dcc7b736b6c26dd59ce0fab42f41
  FirebaseAnalytics: d275f288881d4417f780115dd52c05fa9752d530
  FirebaseCore: 74f647ad9739ea75112ce6c3b3b91f5488ce1122
  FirebaseCoreExtension: 1c044fd46e95036cccb29134757c499613f3f564
  FirebaseCoreInternal: 43c1788eaeee9d1b97caaa751af567ce11010d00
  FirebaseCrashlytics: 063b883186d7ccb1db1837c19113ca6294880c1b
  FirebaseInstallations: 390ea1d10a4d02b20c965cbfd527ee9b3b412acb
  FirebaseMessaging: b285329399cc6edd73b5b32864c68454177bcf3f
  FirebaseRemoteConfig: 1dd5164b2183aff07c7726df6b0212ad5154c1fe
  FirebaseSessions: 80c2bbdd28166267b3d132debe5f7531efdb00bc
  FirebaseSharedSwift: 19b3f709993d6fa1d84941d41c01e3c4c11eab93
  Fyber_Marketplace_SDK: c51474f63c016c9ff7eb32e3542528d08d456bc5
  Google-Mobile-Ads-SDK: 7a466427864972f5229f1f89d004b998a28ddcae
  GoogleAppMeasurement: a65314d316443969ed3d3709b3a187448ed6418f
  GoogleDataTransport: 57c22343ab29bc686febbf7cbb13bad167c2d8fe
  GoogleUserMessagingPlatform: d31dbfb40ec02c5d9683029815c5d5a7f46389ee
  GoogleUtilities: 0759d1a57ebb953965c2dfe0ba4c82e95ccc2e34
  HyBid: 4522aa66455212ad4df4e37538cdf6f253d518be
  InMobiSDK: 40cc7a6fcd4952f15fc662cf40a27bcfaeacfb72
  IronSourceSDK: ef878d01ce69a68633c7a27c89cabe0e41fcc49a
  MintegralAdSDK: 60d85ac02e2c6d24a51ef1abefbbbdc9bca73735
  myTargetSDK: affba499915fed67642f39e3ecebe235441cf278
  myTrackerSDK: 6cb0a8af287a7481764d06648a4d5cb315e52e44
  nanopb: d4d75c12cd1316f4a64e3c6963f879ecd4b5e0d5
  OMSDK_Appodeal: c3e648a353665dc4c0a8235d6e7efa66b8277ab5
  PromisesObjC: f5707f49cb48b9636751c5b2e7d227e43fba9f47
  PromisesSwift: 9d77319bbe72ebf6d872900551f7eeba9bce2851
  StackIAB: a56700292bf22f1e71eb0e1e7ab54bca676b0116
  StackModules: b42f3fc0234104b14e9a534ac70d1d9ef5a0675c
  UnityAds: c503b06232a002ff6dc9677f4e32c6e1ae286232
  VGSLBase: 19dd48113aacba1aabd3b720da6cd14577db8442
  VGSLBaseTiny: 94bdc2070964ece993651398a9e7ab257feb9d2e
  VGSLBaseUI: 63fe2a2a090d3e2d1b536e700b597d384ee8e229
  VGSLCommonCore: 26c62e42237444a467418018215a6564bfd06194
  VGSLNetworking: 083b73e1d66f210f6bb71205f9710815ad5ab2ec
  VungleAds: 1982548185a43a60f07066f28ddb5f12d67a90d7
  YandexMobileAds: 28cc913f0360ab98c8aa78b34251d2a5aa315ab7
  YandexMobileMetrica: f5368ee93f286c793d73b58da00929babfc897c1

PODFILE CHECKSUM: 1ba89a1e68065a6ea6fad5ad55cea350570b4d7a

COCOAPODS: 1.15.2
